
Microsoft Visual Studio Solution File, Format Version 12.00
# Visual Studio 2013
VisualStudioVersion = 12.0.40629.0
MinimumVisualStudioVersion = 10.0.40219.1
Project("{FAE04EC0-301F-11D3-BF4B-00C04F79EFBC}") = "FirstTask", "FirstTask\FirstTask.csproj", "{730A14F4-F01D-4CDD-8F84-739D47392E57}"
EndProject
Project("{FAE04EC0-301F-11D3-BF4B-00C04F79EFBC}") = "SecondTask", "SecondTask\SecondTask.csproj", "{70935F40-DA4D-4467-B7CA-21F432EE5A66}"
EndProject
Project("{FAE04EC0-301F-11D3-BF4B-00C04F79EFBC}") = "ThirdTask", "ThirdTask\ThirdTask.csproj", "{8EB22A9E-04B3-434F-866B-1A5D00049B25}"
EndProject
Global
	GlobalSection(SolutionConfigurationPlatforms) = preSolution
		Debug|Any CPU = Debug|Any CPU
		Release|Any CPU = Release|Any CPU
	EndGlobalSection
	GlobalSection(ProjectConfigurationPlatforms) = postSolution
		{730A14F4-F01D-4CDD-8F84-739D47392E57}.Debug|Any CPU.ActiveCfg = Debug|Any CPU
		{730A14F4-F01D-4CDD-8F84-739D47392E57}.Debug|Any CPU.Build.0 = Debug|Any CPU
		{730A14F4-F01D-4CDD-8F84-739D47392E57}.Release|Any CPU.ActiveCfg = Release|Any CPU
		{730A14F4-F01D-4CDD-8F84-739D47392E57}.Release|Any CPU.Build.0 = Release|Any CPU
		{70935F40-DA4D-4467-B7CA-21F432EE5A66}.Debug|Any CPU.ActiveCfg = Debug|Any CPU
		{70935F40-DA4D-4467-B7CA-21F432EE5A66}.Debug|Any CPU.Build.0 = Debug|Any CPU
		{70935F40-DA4D-4467-B7CA-21F432EE5A66}.Release|Any CPU.ActiveCfg = Release|Any CPU
		{70935F40-DA4D-4467-B7CA-21F432EE5A66}.Release|Any CPU.Build.0 = Release|Any CPU
		{8EB22A9E-04B3-434F-866B-1A5D00049B25}.Debug|Any CPU.ActiveCfg = Debug|Any CPU
		{8EB22A9E-04B3-434F-866B-1A5D00049B25}.Debug|Any CPU.Build.0 = Debug|Any CPU
		{8EB22A9E-04B3-434F-866B-1A5D00049B25}.Release|Any CPU.ActiveCfg = Release|Any CPU
		{8EB22A9E-04B3-434F-866B-1A5D00049B25}.Release|Any CPU.Build.0 = Release|Any CPU
	EndGlobalSection
	GlobalSection(SolutionProperties) = preSolution
		HideSolutionNode = FALSE
	EndGlobalSection
EndGlobal
