
Microsoft Visual Studio Solution File, Format Version 12.00
# Visual Studio 15
VisualStudioVersion = 15.0.26430.12
MinimumVisualStudioVersion = 10.0.40219.1
Project("{FAE04EC0-301F-11D3-BF4B-00C04F79EFBC}") = "ScannerManager", "ScannerManager\ScannerManager.csproj", "{27C11F20-5673-4CBB-88AD-D894BC47465A}"
EndProject
Project("{FAE04EC0-301F-11D3-BF4B-00C04F79EFBC}") = "MessagingService", "MessagingService\MessagingService.csproj", "{18FCE512-687E-44FE-891E-F4C80A41F0F4}"
EndProject
Project("{FAE04EC0-301F-11D3-BF4B-00C04F79EFBC}") = "CustomMessaging", "CustomMessaging\CustomMessaging.csproj", "{C23B74CD-1B9D-4184-B388-CE08702F3AD9}"
EndProject
Global
	GlobalSection(SolutionConfigurationPlatforms) = preSolution
		Debug|Any CPU = Debug|Any CPU
		Release|Any CPU = Release|Any CPU
	EndGlobalSection
	GlobalSection(ProjectConfigurationPlatforms) = postSolution
		{27C11F20-5673-4CBB-88AD-D894BC47465A}.Debug|Any CPU.ActiveCfg = Debug|Any CPU
		{27C11F20-5673-4CBB-88AD-D894BC47465A}.Debug|Any CPU.Build.0 = Debug|Any CPU
		{27C11F20-5673-4CBB-88AD-D894BC47465A}.Release|Any CPU.ActiveCfg = Release|Any CPU
		{27C11F20-5673-4CBB-88AD-D894BC47465A}.Release|Any CPU.Build.0 = Release|Any CPU
		{18FCE512-687E-44FE-891E-F4C80A41F0F4}.Debug|Any CPU.ActiveCfg = Debug|Any CPU
		{18FCE512-687E-44FE-891E-F4C80A41F0F4}.Debug|Any CPU.Build.0 = Debug|Any CPU
		{18FCE512-687E-44FE-891E-F4C80A41F0F4}.Release|Any CPU.ActiveCfg = Release|Any CPU
		{18FCE512-687E-44FE-891E-F4C80A41F0F4}.Release|Any CPU.Build.0 = Release|Any CPU
		{C23B74CD-1B9D-4184-B388-CE08702F3AD9}.Debug|Any CPU.ActiveCfg = Debug|Any CPU
		{C23B74CD-1B9D-4184-B388-CE08702F3AD9}.Debug|Any CPU.Build.0 = Debug|Any CPU
		{C23B74CD-1B9D-4184-B388-CE08702F3AD9}.Release|Any CPU.ActiveCfg = Release|Any CPU
		{C23B74CD-1B9D-4184-B388-CE08702F3AD9}.Release|Any CPU.Build.0 = Release|Any CPU
	EndGlobalSection
	GlobalSection(SolutionProperties) = preSolution
		HideSolutionNode = FALSE
	EndGlobalSection
EndGlobal
